
Microsoft Visual Studio Solution File, Format Version 12.00
# Visual Studio Version 17
VisualStudioVersion = 17.0.31903.59
MinimumVisualStudioVersion = 10.0.40219.1
Project("{FAE04EC0-301F-11D3-BF4B-00C04F79EFBC}") = "OrderManagementSystem.Domain", "OrderManagementSystem.Domain\OrderManagementSystem.Domain.csproj", "{627DD91E-0339-47A8-B74B-C3C580053898}"
EndProject
Project("{FAE04EC0-301F-11D3-BF4B-00C04F79EFBC}") = "OrderManagementSystem.Application", "OrderManagementSystem.Application\OrderManagementSystem.Application.csproj", "{339D980B-2F8A-4254-A898-72A3CB9188AD}"
EndProject
Project("{FAE04EC0-301F-11D3-BF4B-00C04F79EFBC}") = "OrderManagementSystem.Api", "OrderManagementSystem.Api\OrderManagementSystem.Api.csproj", "{4ABD03F9-CD3C-45F7-8B7E-D6F98BD9179B}"
EndProject
Project("{FAE04EC0-301F-11D3-BF4B-00C04F79EFBC}") = "OrderManagementSystem.Infrastructure", "OrderManagementSystem.Infrastructure\OrderManagementSystem.Infrastructure.csproj", "{BBB1F52E-09EB-46FA-A798-469B9CB584D9}"
EndProject
Project("{FAE04EC0-301F-11D3-BF4B-00C04F79EFBC}") = "OrderManagementSystem.Contracts", "OrderManagementSystem.Contracts\OrderManagementSystem.Contracts.csproj", "{6B28BA1D-634D-4BEF-BCC7-82BB6EECB546}"
EndProject
Global
	GlobalSection(SolutionConfigurationPlatforms) = preSolution
		Debug|Any CPU = Debug|Any CPU
		Release|Any CPU = Release|Any CPU
	EndGlobalSection
	GlobalSection(SolutionProperties) = preSolution
		HideSolutionNode = FALSE
	EndGlobalSection
	GlobalSection(ProjectConfigurationPlatforms) = postSolution
		{627DD91E-0339-47A8-B74B-C3C580053898}.Debug|Any CPU.ActiveCfg = Debug|Any CPU
		{627DD91E-0339-47A8-B74B-C3C580053898}.Debug|Any CPU.Build.0 = Debug|Any CPU
		{627DD91E-0339-47A8-B74B-C3C580053898}.Release|Any CPU.ActiveCfg = Release|Any CPU
		{627DD91E-0339-47A8-B74B-C3C580053898}.Release|Any CPU.Build.0 = Release|Any CPU
		{339D980B-2F8A-4254-A898-72A3CB9188AD}.Debug|Any CPU.ActiveCfg = Debug|Any CPU
		{339D980B-2F8A-4254-A898-72A3CB9188AD}.Debug|Any CPU.Build.0 = Debug|Any CPU
		{339D980B-2F8A-4254-A898-72A3CB9188AD}.Release|Any CPU.ActiveCfg = Release|Any CPU
		{339D980B-2F8A-4254-A898-72A3CB9188AD}.Release|Any CPU.Build.0 = Release|Any CPU
		{4ABD03F9-CD3C-45F7-8B7E-D6F98BD9179B}.Debug|Any CPU.ActiveCfg = Debug|Any CPU
		{4ABD03F9-CD3C-45F7-8B7E-D6F98BD9179B}.Debug|Any CPU.Build.0 = Debug|Any CPU
		{4ABD03F9-CD3C-45F7-8B7E-D6F98BD9179B}.Release|Any CPU.ActiveCfg = Release|Any CPU
		{4ABD03F9-CD3C-45F7-8B7E-D6F98BD9179B}.Release|Any CPU.Build.0 = Release|Any CPU
		{BBB1F52E-09EB-46FA-A798-469B9CB584D9}.Debug|Any CPU.ActiveCfg = Debug|Any CPU
		{BBB1F52E-09EB-46FA-A798-469B9CB584D9}.Debug|Any CPU.Build.0 = Debug|Any CPU
		{BBB1F52E-09EB-46FA-A798-469B9CB584D9}.Release|Any CPU.ActiveCfg = Release|Any CPU
		{BBB1F52E-09EB-46FA-A798-469B9CB584D9}.Release|Any CPU.Build.0 = Release|Any CPU
		{6B28BA1D-634D-4BEF-BCC7-82BB6EECB546}.Debug|Any CPU.ActiveCfg = Debug|Any CPU
		{6B28BA1D-634D-4BEF-BCC7-82BB6EECB546}.Debug|Any CPU.Build.0 = Debug|Any CPU
		{6B28BA1D-634D-4BEF-BCC7-82BB6EECB546}.Release|Any CPU.ActiveCfg = Release|Any CPU
		{6B28BA1D-634D-4BEF-BCC7-82BB6EECB546}.Release|Any CPU.Build.0 = Release|Any CPU
	EndGlobalSection
EndGlobal
